
Microsoft Visual Studio Solution File, Format Version 12.00
# Visual Studio 15
VisualStudioVersion = 15.0.27428.2005
MinimumVisualStudioVersion = 10.0.40219.1
Project("{FAE04EC0-301F-11D3-BF4B-00C04F79EFBC}") = "AgentAdapter", "AgentAdapter\AgentAdapter.csproj", "{505CD32B-6944-4365-9F68-9A44A8B3987E}"
EndProject
Project("{2150E333-8FDC-42A3-9474-1A3956D46DE8}") = "Agents", "Agents", "{BF4BF483-05E3-4BBF-B6A6-25DA0CB4BD3D}"
EndProject
Project("{2150E333-8FDC-42A3-9474-1A3956D46DE8}") = "Adapter", "Adapter", "{A327FD3D-8A5F-4AAE-8F8F-AECCE655A7FB}"
EndProject
Project("{FAE04EC0-301F-11D3-BF4B-00C04F79EFBC}") = "ProcessCollectorAgent", "ProcessCollectorAgent\ProcessCollectorAgent.csproj", "{9750DDF3-2524-47F4-805F-8AB5F9EFF977}"
EndProject
Project("{2150E333-8FDC-42A3-9474-1A3956D46DE8}") = "CoreUnit", "CoreUnit", "{80036595-7A10-49D4-A35A-6F85F46B56A8}"
EndProject
Project("{2150E333-8FDC-42A3-9474-1A3956D46DE8}") = "Shared", "Shared", "{91832D08-856C-469A-8344-6DC6AF6F3E4A}"
EndProject
Project("{FAE04EC0-301F-11D3-BF4B-00C04F79EFBC}") = "CoreService", "CoreService\CoreService.csproj", "{34B55A1F-3831-440F-A7CE-084FC2689B30}"
EndProject
Project("{FAE04EC0-301F-11D3-BF4B-00C04F79EFBC}") = "CoreLogic", "CoreLogic\CoreLogic.csproj", "{F3492A27-2A87-481C-8FC2-90C4215A9820}"
EndProject
Project("{FAE04EC0-301F-11D3-BF4B-00C04F79EFBC}") = "CoreOutput", "CoreOutput\CoreOutput.csproj", "{6631E67F-3880-4FAD-9932-8809AAE2AF36}"
EndProject
Project("{FAE04EC0-301F-11D3-BF4B-00C04F79EFBC}") = "Shared", "Shared\Shared.csproj", "{5FD6D2C5-3074-439B-904B-18F3FB3C7BA7}"
EndProject
Project("{FAE04EC0-301F-11D3-BF4B-00C04F79EFBC}") = "AgentAdapterMqService", "AgentAdapterMqService\AgentAdapterMqService.csproj", "{0F88FE0B-90B5-44FC-B326-08EC4BFDA167}"
EndProject
Project("{FAE04EC0-301F-11D3-BF4B-00C04F79EFBC}") = "AgentComServices", "AgentComService\AgentComServices.csproj", "{CA04E05A-AF6E-4B52-960F-2A20EFD41710}"
EndProject
Project("{FAE04EC0-301F-11D3-BF4B-00C04F79EFBC}") = "DummyGuiAgent", "DummyGuiAgent\DummyGuiAgent.csproj", "{24B2D537-9FDD-47C6-ACA2-253A2B9DE159}"
EndProject
Project("{FAE04EC0-301F-11D3-BF4B-00C04F79EFBC}") = "AppCollectorAgent", "AppCollectorAgent\AppCollectorAgent.csproj", "{3B16D927-8666-4296-AD1C-6F9CFFB262AF}"
EndProject
Project("{FAE04EC0-301F-11D3-BF4B-00C04F79EFBC}") = "RamCollectorAgent", "RamCollectorAgent\RamCollectorAgent.csproj", "{E0EB8C33-586B-435D-99DA-752B56A79DDB}"
EndProject
Project("{2150E333-8FDC-42A3-9474-1A3956D46DE8}") = "GUI", "GUI", "{533E0796-3D6F-456F-B4E2-B01BA99A3EB1}"
EndProject
Project("{FAE04EC0-301F-11D3-BF4B-00C04F79EFBC}") = "GUI", "GUI\GUI.csproj", "{87D1D06B-C52B-4DF7-87D0-B0C2A006494C}"
EndProject
Global
	GlobalSection(SolutionConfigurationPlatforms) = preSolution
		Debug|Any CPU = Debug|Any CPU
		Release|Any CPU = Release|Any CPU
	EndGlobalSection
	GlobalSection(ProjectConfigurationPlatforms) = postSolution
		{505CD32B-6944-4365-9F68-9A44A8B3987E}.Debug|Any CPU.ActiveCfg = Debug|Any CPU
		{505CD32B-6944-4365-9F68-9A44A8B3987E}.Debug|Any CPU.Build.0 = Debug|Any CPU
		{505CD32B-6944-4365-9F68-9A44A8B3987E}.Release|Any CPU.ActiveCfg = Release|Any CPU
		{505CD32B-6944-4365-9F68-9A44A8B3987E}.Release|Any CPU.Build.0 = Release|Any CPU
		{9750DDF3-2524-47F4-805F-8AB5F9EFF977}.Debug|Any CPU.ActiveCfg = Debug|Any CPU
		{9750DDF3-2524-47F4-805F-8AB5F9EFF977}.Debug|Any CPU.Build.0 = Debug|Any CPU
		{9750DDF3-2524-47F4-805F-8AB5F9EFF977}.Release|Any CPU.ActiveCfg = Release|Any CPU
		{9750DDF3-2524-47F4-805F-8AB5F9EFF977}.Release|Any CPU.Build.0 = Release|Any CPU
		{34B55A1F-3831-440F-A7CE-084FC2689B30}.Debug|Any CPU.ActiveCfg = Debug|Any CPU
		{34B55A1F-3831-440F-A7CE-084FC2689B30}.Debug|Any CPU.Build.0 = Debug|Any CPU
		{34B55A1F-3831-440F-A7CE-084FC2689B30}.Release|Any CPU.ActiveCfg = Release|Any CPU
		{34B55A1F-3831-440F-A7CE-084FC2689B30}.Release|Any CPU.Build.0 = Release|Any CPU
		{F3492A27-2A87-481C-8FC2-90C4215A9820}.Debug|Any CPU.ActiveCfg = Debug|Any CPU
		{F3492A27-2A87-481C-8FC2-90C4215A9820}.Debug|Any CPU.Build.0 = Debug|Any CPU
		{F3492A27-2A87-481C-8FC2-90C4215A9820}.Release|Any CPU.ActiveCfg = Release|Any CPU
		{F3492A27-2A87-481C-8FC2-90C4215A9820}.Release|Any CPU.Build.0 = Release|Any CPU
		{6631E67F-3880-4FAD-9932-8809AAE2AF36}.Debug|Any CPU.ActiveCfg = Debug|Any CPU
		{6631E67F-3880-4FAD-9932-8809AAE2AF36}.Debug|Any CPU.Build.0 = Debug|Any CPU
		{6631E67F-3880-4FAD-9932-8809AAE2AF36}.Release|Any CPU.ActiveCfg = Release|Any CPU
		{6631E67F-3880-4FAD-9932-8809AAE2AF36}.Release|Any CPU.Build.0 = Release|Any CPU
		{5FD6D2C5-3074-439B-904B-18F3FB3C7BA7}.Debug|Any CPU.ActiveCfg = Debug|Any CPU
		{5FD6D2C5-3074-439B-904B-18F3FB3C7BA7}.Debug|Any CPU.Build.0 = Debug|Any CPU
		{5FD6D2C5-3074-439B-904B-18F3FB3C7BA7}.Release|Any CPU.ActiveCfg = Release|Any CPU
		{5FD6D2C5-3074-439B-904B-18F3FB3C7BA7}.Release|Any CPU.Build.0 = Release|Any CPU
		{0F88FE0B-90B5-44FC-B326-08EC4BFDA167}.Debug|Any CPU.ActiveCfg = Debug|Any CPU
		{0F88FE0B-90B5-44FC-B326-08EC4BFDA167}.Debug|Any CPU.Build.0 = Debug|Any CPU
		{0F88FE0B-90B5-44FC-B326-08EC4BFDA167}.Release|Any CPU.ActiveCfg = Release|Any CPU
		{0F88FE0B-90B5-44FC-B326-08EC4BFDA167}.Release|Any CPU.Build.0 = Release|Any CPU
		{CA04E05A-AF6E-4B52-960F-2A20EFD41710}.Debug|Any CPU.ActiveCfg = Debug|Any CPU
		{CA04E05A-AF6E-4B52-960F-2A20EFD41710}.Debug|Any CPU.Build.0 = Debug|Any CPU
		{CA04E05A-AF6E-4B52-960F-2A20EFD41710}.Release|Any CPU.ActiveCfg = Release|Any CPU
		{CA04E05A-AF6E-4B52-960F-2A20EFD41710}.Release|Any CPU.Build.0 = Release|Any CPU
		{24B2D537-9FDD-47C6-ACA2-253A2B9DE159}.Debug|Any CPU.ActiveCfg = Debug|Any CPU
		{24B2D537-9FDD-47C6-ACA2-253A2B9DE159}.Debug|Any CPU.Build.0 = Debug|Any CPU
		{24B2D537-9FDD-47C6-ACA2-253A2B9DE159}.Release|Any CPU.ActiveCfg = Release|Any CPU
		{24B2D537-9FDD-47C6-ACA2-253A2B9DE159}.Release|Any CPU.Build.0 = Release|Any CPU
		{3B16D927-8666-4296-AD1C-6F9CFFB262AF}.Debug|Any CPU.ActiveCfg = Debug|Any CPU
		{3B16D927-8666-4296-AD1C-6F9CFFB262AF}.Debug|Any CPU.Build.0 = Debug|Any CPU
		{3B16D927-8666-4296-AD1C-6F9CFFB262AF}.Release|Any CPU.ActiveCfg = Release|Any CPU
		{3B16D927-8666-4296-AD1C-6F9CFFB262AF}.Release|Any CPU.Build.0 = Release|Any CPU
		{E0EB8C33-586B-435D-99DA-752B56A79DDB}.Debug|Any CPU.ActiveCfg = Debug|Any CPU
		{E0EB8C33-586B-435D-99DA-752B56A79DDB}.Debug|Any CPU.Build.0 = Debug|Any CPU
		{E0EB8C33-586B-435D-99DA-752B56A79DDB}.Release|Any CPU.ActiveCfg = Release|Any CPU
		{E0EB8C33-586B-435D-99DA-752B56A79DDB}.Release|Any CPU.Build.0 = Release|Any CPU
		{87D1D06B-C52B-4DF7-87D0-B0C2A006494C}.Debug|Any CPU.ActiveCfg = Debug|Any CPU
		{87D1D06B-C52B-4DF7-87D0-B0C2A006494C}.Debug|Any CPU.Build.0 = Debug|Any CPU
		{87D1D06B-C52B-4DF7-87D0-B0C2A006494C}.Release|Any CPU.ActiveCfg = Release|Any CPU
		{87D1D06B-C52B-4DF7-87D0-B0C2A006494C}.Release|Any CPU.Build.0 = Release|Any CPU
	EndGlobalSection
	GlobalSection(SolutionProperties) = preSolution
		HideSolutionNode = FALSE
	EndGlobalSection
	GlobalSection(NestedProjects) = preSolution
		{505CD32B-6944-4365-9F68-9A44A8B3987E} = {A327FD3D-8A5F-4AAE-8F8F-AECCE655A7FB}
		{9750DDF3-2524-47F4-805F-8AB5F9EFF977} = {BF4BF483-05E3-4BBF-B6A6-25DA0CB4BD3D}
		{34B55A1F-3831-440F-A7CE-084FC2689B30} = {80036595-7A10-49D4-A35A-6F85F46B56A8}
		{F3492A27-2A87-481C-8FC2-90C4215A9820} = {80036595-7A10-49D4-A35A-6F85F46B56A8}
		{6631E67F-3880-4FAD-9932-8809AAE2AF36} = {80036595-7A10-49D4-A35A-6F85F46B56A8}
		{5FD6D2C5-3074-439B-904B-18F3FB3C7BA7} = {91832D08-856C-469A-8344-6DC6AF6F3E4A}
		{0F88FE0B-90B5-44FC-B326-08EC4BFDA167} = {A327FD3D-8A5F-4AAE-8F8F-AECCE655A7FB}
		{CA04E05A-AF6E-4B52-960F-2A20EFD41710} = {BF4BF483-05E3-4BBF-B6A6-25DA0CB4BD3D}
		{24B2D537-9FDD-47C6-ACA2-253A2B9DE159} = {BF4BF483-05E3-4BBF-B6A6-25DA0CB4BD3D}
		{3B16D927-8666-4296-AD1C-6F9CFFB262AF} = {BF4BF483-05E3-4BBF-B6A6-25DA0CB4BD3D}
		{E0EB8C33-586B-435D-99DA-752B56A79DDB} = {BF4BF483-05E3-4BBF-B6A6-25DA0CB4BD3D}
		{87D1D06B-C52B-4DF7-87D0-B0C2A006494C} = {533E0796-3D6F-456F-B4E2-B01BA99A3EB1}
	EndGlobalSection
	GlobalSection(ExtensibilityGlobals) = postSolution
		SolutionGuid = {748A70D2-3D48-4BC8-B64A-BCB6B6AB09A5}
	EndGlobalSection
EndGlobal
